// !$*UTF8*$!
{
	archiveVersion = 1;
	classes = {
	};
	objectVersion = 55;
	objects = {

/* Begin PBXBuildFile section */
		2669FD8B27F0B0E700E96876 /* CustomLabel.swift in Sources */ = {isa = PBXBuildFile; fileRef = 2669FD8A27F0B0E700E96876 /* CustomLabel.swift */; };
		2669FD8E27F0B23900E96876 /* UIStackView+extensions.swift in Sources */ = {isa = PBXBuildFile; fileRef = 2669FD8D27F0B23900E96876 /* UIStackView+extensions.swift */; };
		2669FD9027F0B28600E96876 /* UIView+extensions.swift in Sources */ = {isa = PBXBuildFile; fileRef = 2669FD8F27F0B28600E96876 /* UIView+extensions.swift */; };
		26706DA727EE6055003A67DD /* DetailGitRepositoryViewController.swift in Sources */ = {isa = PBXBuildFile; fileRef = 26706DA627EE6055003A67DD /* DetailGitRepositoryViewController.swift */; };
		26706DAA27EE60F9003A67DD /* DetailGitRepositoryView.swift in Sources */ = {isa = PBXBuildFile; fileRef = 26706DA927EE60F9003A67DD /* DetailGitRepositoryView.swift */; };
		26706DAD27EE69EA003A67DD /* CustomHorizontalStackView.swift in Sources */ = {isa = PBXBuildFile; fileRef = 26706DAC27EE69EA003A67DD /* CustomHorizontalStackView.swift */; };
		5EF55C7B27F5135500FB9247 /* CustomTeamTableView.swift in Sources */ = {isa = PBXBuildFile; fileRef = 5EF55C7A27F5135500FB9247 /* CustomTeamTableView.swift */; };
		5EF55C7D27F5137100FB9247 /* CustomTableViewCellTeam.swift in Sources */ = {isa = PBXBuildFile; fileRef = 5EF55C7C27F5137100FB9247 /* CustomTableViewCellTeam.swift */; };
		5EF55C7F27F513B100FB9247 /* Team.swift in Sources */ = {isa = PBXBuildFile; fileRef = 5EF55C7E27F513B100FB9247 /* Team.swift */; };
		5EF55CB027FA05E000FB9247 /* Constants.swift in Sources */ = {isa = PBXBuildFile; fileRef = 5EF55CAF27FA05E000FB9247 /* Constants.swift */; };
		5EF55CB227FA06E500FB9247 /* URLRequestProtocol.swift in Sources */ = {isa = PBXBuildFile; fileRef = 5EF55CB127FA06E500FB9247 /* URLRequestProtocol.swift */; };
		5EF55CB427FA07F400FB9247 /* HTTPMethod.swift in Sources */ = {isa = PBXBuildFile; fileRef = 5EF55CB327FA07F400FB9247 /* HTTPMethod.swift */; };
		5EF55CB627FA08EC00FB9247 /* HomeRequest.swift in Sources */ = {isa = PBXBuildFile; fileRef = 5EF55CB527FA08EC00FB9247 /* HomeRequest.swift */; };
		5EF55CB827FA0A2800FB9247 /* Environment.swift in Sources */ = {isa = PBXBuildFile; fileRef = 5EF55CB727FA0A2800FB9247 /* Environment.swift */; };
		882CC20B27EA06EE009FA401 /* githubApiService.swift in Sources */ = {isa = PBXBuildFile; fileRef = 882CC20A27EA06EE009FA401 /* githubApiService.swift */; };
		882CC20E27EA12A7009FA401 /* Repo.swift in Sources */ = {isa = PBXBuildFile; fileRef = 882CC20D27EA12A7009FA401 /* Repo.swift */; };
		883AAF3227E8D6FA00714341 /* AppDelegate.swift in Sources */ = {isa = PBXBuildFile; fileRef = 883AAF3127E8D6FA00714341 /* AppDelegate.swift */; };
		883AAF3427E8D6FA00714341 /* SceneDelegate.swift in Sources */ = {isa = PBXBuildFile; fileRef = 883AAF3327E8D6FA00714341 /* SceneDelegate.swift */; };
		883AAF3627E8D6FA00714341 /* TabBarController.swift in Sources */ = {isa = PBXBuildFile; fileRef = 883AAF3527E8D6FA00714341 /* TabBarController.swift */; };
		883AAF3C27E8D6FA00714341 /* godev_projeto_final.xcdatamodeld in Sources */ = {isa = PBXBuildFile; fileRef = 883AAF3A27E8D6FA00714341 /* godev_projeto_final.xcdatamodeld */; };
		883AAF3E27E8D6FA00714341 /* Assets.xcassets in Resources */ = {isa = PBXBuildFile; fileRef = 883AAF3D27E8D6FA00714341 /* Assets.xcassets */; };
		883AAF4127E8D6FA00714341 /* LaunchScreen.storyboard in Resources */ = {isa = PBXBuildFile; fileRef = 883AAF3F27E8D6FA00714341 /* LaunchScreen.storyboard */; };
		883AAF4C27E8D6FA00714341 /* godev_projeto_finalTests.swift in Sources */ = {isa = PBXBuildFile; fileRef = 883AAF4B27E8D6FA00714341 /* godev_projeto_finalTests.swift */; };
		883AAF5627E8D6FA00714341 /* godev_projeto_finalUITests.swift in Sources */ = {isa = PBXBuildFile; fileRef = 883AAF5527E8D6FA00714341 /* godev_projeto_finalUITests.swift */; };
		883AAF5827E8D6FA00714341 /* godev_projeto_finalUITestsLaunchTests.swift in Sources */ = {isa = PBXBuildFile; fileRef = 883AAF5727E8D6FA00714341 /* godev_projeto_finalUITestsLaunchTests.swift */; };
		8896C0D627EB6B14001674DD /* HomeViewController.swift in Sources */ = {isa = PBXBuildFile; fileRef = 8896C0D527EB6B14001674DD /* HomeViewController.swift */; };
		8896C0D827EB6CB0001674DD /* FavoriteViewController.swift in Sources */ = {isa = PBXBuildFile; fileRef = 8896C0D727EB6CB0001674DD /* FavoriteViewController.swift */; };
		8896C0DA27EB6CD1001674DD /* TeamViewController.swift in Sources */ = {isa = PBXBuildFile; fileRef = 8896C0D927EB6CD1001674DD /* TeamViewController.swift */; };
		8896C0DC27EB7D4B001674DD /* CustomHomeTableView.swift in Sources */ = {isa = PBXBuildFile; fileRef = 8896C0DB27EB7D4B001674DD /* CustomHomeTableView.swift */; };
		8896C0DF27EB8085001674DD /* CustomTableViewCell.swift in Sources */ = {isa = PBXBuildFile; fileRef = 8896C0DE27EB8085001674DD /* CustomTableViewCell.swift */; };
		8896C0E127EB809E001674DD /* UIImageView+Extension.swift in Sources */ = {isa = PBXBuildFile; fileRef = 8896C0E027EB809E001674DD /* UIImageView+Extension.swift */; };
		8896C0E327EB80AA001674DD /* ViewCodable.swift in Sources */ = {isa = PBXBuildFile; fileRef = 8896C0E227EB80AA001674DD /* ViewCodable.swift */; };
		88AB2AC927F381FA005FC9D1 /* FavoriteCustomTableViewCell.swift in Sources */ = {isa = PBXBuildFile; fileRef = 88AB2AC827F381FA005FC9D1 /* FavoriteCustomTableViewCell.swift */; };
		88AB2ACB27F38763005FC9D1 /* CustomFavoriteTableView.swift in Sources */ = {isa = PBXBuildFile; fileRef = 88AB2ACA27F38763005FC9D1 /* CustomFavoriteTableView.swift */; };
		88FE9E4B27F74C6100190358 /* DetailTeamViewController.swift in Sources */ = {isa = PBXBuildFile; fileRef = 88FE9E4A27F74C6100190358 /* DetailTeamViewController.swift */; };
		88FE9E5027F75E3300190358 /* CustomIconImage.swift in Sources */ = {isa = PBXBuildFile; fileRef = 88FE9E4F27F75E3300190358 /* CustomIconImage.swift */; };
		9E2944BE27F8D50800194386 /* DetailItemStackView.swift in Sources */ = {isa = PBXBuildFile; fileRef = 9E2944BD27F8D50800194386 /* DetailItemStackView.swift */; };
		9E2944C127F8D9B600194386 /* DetailItemStackViewDelegate.swift in Sources */ = {isa = PBXBuildFile; fileRef = 9E2944C027F8D9B600194386 /* DetailItemStackViewDelegate.swift */; };
		9EA13A7227F913800006D776 /* TeamDetailView.swift in Sources */ = {isa = PBXBuildFile; fileRef = 9EA13A7127F913800006D776 /* TeamDetailView.swift */; };
		9EDD3DAC27EF8AA3003E9E3A /* ApiData.swift in Sources */ = {isa = PBXBuildFile; fileRef = 9EDD3DAB27EF8AA3003E9E3A /* ApiData.swift */; };
		A842E5DB27EA5ACD0014E63B /* CoreData.framework in Frameworks */ = {isa = PBXBuildFile; fileRef = A842E5DA27EA5ACC0014E63B /* CoreData.framework */; };
		A848378C27F55EEC00606FF3 /* String+extensions.swift in Sources */ = {isa = PBXBuildFile; fileRef = A848378B27F55EEC00606FF3 /* String+extensions.swift */; };
		A8FAEA1D27EE3C36003397F1 /* ManagedObjectContext.swift in Sources */ = {isa = PBXBuildFile; fileRef = A8FAEA1C27EE3C36003397F1 /* ManagedObjectContext.swift */; };
/* End PBXBuildFile section */

/* Begin PBXContainerItemProxy section */
		883AAF4827E8D6FA00714341 /* PBXContainerItemProxy */ = {
			isa = PBXContainerItemProxy;
			containerPortal = 883AAF2627E8D6F900714341 /* Project object */;
			proxyType = 1;
			remoteGlobalIDString = 883AAF2D27E8D6FA00714341;
			remoteInfo = godev_projeto_final;
		};
		883AAF5227E8D6FA00714341 /* PBXContainerItemProxy */ = {
			isa = PBXContainerItemProxy;
			containerPortal = 883AAF2627E8D6F900714341 /* Project object */;
			proxyType = 1;
			remoteGlobalIDString = 883AAF2D27E8D6FA00714341;
			remoteInfo = godev_projeto_final;
		};
/* End PBXContainerItemProxy section */

/* Begin PBXFileReference section */
		2669FD8A27F0B0E700E96876 /* CustomLabel.swift */ = {isa = PBXFileReference; lastKnownFileType = sourcecode.swift; path = CustomLabel.swift; sourceTree = "<group>"; };
		2669FD8D27F0B23900E96876 /* UIStackView+extensions.swift */ = {isa = PBXFileReference; lastKnownFileType = sourcecode.swift; path = "UIStackView+extensions.swift"; sourceTree = "<group>"; };
		2669FD8F27F0B28600E96876 /* UIView+extensions.swift */ = {isa = PBXFileReference; lastKnownFileType = sourcecode.swift; path = "UIView+extensions.swift"; sourceTree = "<group>"; };
		26706DA627EE6055003A67DD /* DetailGitRepositoryViewController.swift */ = {isa = PBXFileReference; lastKnownFileType = sourcecode.swift; path = DetailGitRepositoryViewController.swift; sourceTree = "<group>"; };
		26706DA927EE60F9003A67DD /* DetailGitRepositoryView.swift */ = {isa = PBXFileReference; lastKnownFileType = sourcecode.swift; path = DetailGitRepositoryView.swift; sourceTree = "<group>"; };
		26706DAC27EE69EA003A67DD /* CustomHorizontalStackView.swift */ = {isa = PBXFileReference; lastKnownFileType = sourcecode.swift; path = CustomHorizontalStackView.swift; sourceTree = "<group>"; };
		5EF55C7A27F5135500FB9247 /* CustomTeamTableView.swift */ = {isa = PBXFileReference; lastKnownFileType = sourcecode.swift; path = CustomTeamTableView.swift; sourceTree = "<group>"; };
		5EF55C7C27F5137100FB9247 /* CustomTableViewCellTeam.swift */ = {isa = PBXFileReference; lastKnownFileType = sourcecode.swift; path = CustomTableViewCellTeam.swift; sourceTree = "<group>"; };
		5EF55C7E27F513B100FB9247 /* Team.swift */ = {isa = PBXFileReference; lastKnownFileType = sourcecode.swift; path = Team.swift; sourceTree = "<group>"; };
		5EF55CAF27FA05E000FB9247 /* Constants.swift */ = {isa = PBXFileReference; lastKnownFileType = sourcecode.swift; path = Constants.swift; sourceTree = "<group>"; };
		5EF55CB127FA06E500FB9247 /* URLRequestProtocol.swift */ = {isa = PBXFileReference; lastKnownFileType = sourcecode.swift; path = URLRequestProtocol.swift; sourceTree = "<group>"; };
		5EF55CB327FA07F400FB9247 /* HTTPMethod.swift */ = {isa = PBXFileReference; lastKnownFileType = sourcecode.swift; path = HTTPMethod.swift; sourceTree = "<group>"; };
		5EF55CB527FA08EC00FB9247 /* HomeRequest.swift */ = {isa = PBXFileReference; lastKnownFileType = sourcecode.swift; path = HomeRequest.swift; sourceTree = "<group>"; };
		5EF55CB727FA0A2800FB9247 /* Environment.swift */ = {isa = PBXFileReference; lastKnownFileType = sourcecode.swift; path = Environment.swift; sourceTree = "<group>"; };
		882CC20A27EA06EE009FA401 /* githubApiService.swift */ = {isa = PBXFileReference; lastKnownFileType = sourcecode.swift; path = githubApiService.swift; sourceTree = "<group>"; };
		882CC20D27EA12A7009FA401 /* Repo.swift */ = {isa = PBXFileReference; lastKnownFileType = sourcecode.swift; path = Repo.swift; sourceTree = "<group>"; };
		883AAF2E27E8D6FA00714341 /* godev_projeto_final.app */ = {isa = PBXFileReference; explicitFileType = wrapper.application; includeInIndex = 0; path = godev_projeto_final.app; sourceTree = BUILT_PRODUCTS_DIR; };
		883AAF3127E8D6FA00714341 /* AppDelegate.swift */ = {isa = PBXFileReference; lastKnownFileType = sourcecode.swift; path = AppDelegate.swift; sourceTree = "<group>"; };
		883AAF3327E8D6FA00714341 /* SceneDelegate.swift */ = {isa = PBXFileReference; lastKnownFileType = sourcecode.swift; path = SceneDelegate.swift; sourceTree = "<group>"; };
		883AAF3527E8D6FA00714341 /* TabBarController.swift */ = {isa = PBXFileReference; lastKnownFileType = sourcecode.swift; path = TabBarController.swift; sourceTree = "<group>"; };
		883AAF3B27E8D6FA00714341 /* godev_projeto_final.xcdatamodel */ = {isa = PBXFileReference; lastKnownFileType = wrapper.xcdatamodel; path = godev_projeto_final.xcdatamodel; sourceTree = "<group>"; };
		883AAF3D27E8D6FA00714341 /* Assets.xcassets */ = {isa = PBXFileReference; lastKnownFileType = folder.assetcatalog; path = Assets.xcassets; sourceTree = "<group>"; };
		883AAF4027E8D6FA00714341 /* Base */ = {isa = PBXFileReference; lastKnownFileType = file.storyboard; name = Base; path = Base.lproj/LaunchScreen.storyboard; sourceTree = "<group>"; };
		883AAF4227E8D6FA00714341 /* Info.plist */ = {isa = PBXFileReference; lastKnownFileType = text.plist.xml; path = Info.plist; sourceTree = "<group>"; };
		883AAF4727E8D6FA00714341 /* godev_projeto_finalTests.swift */ = {isa = PBXFileReference; explicitFileType = wrapper.cfbundle; includeInIndex = 0; name = godev_projeto_finalTests.swift; path = godev_projeto_finalTests.xctest; sourceTree = BUILT_PRODUCTS_DIR; };
		883AAF4B27E8D6FA00714341 /* godev_projeto_finalTests.swift */ = {isa = PBXFileReference; lastKnownFileType = sourcecode.swift; path = godev_projeto_finalTests.swift; sourceTree = "<group>"; };
		883AAF5127E8D6FA00714341 /* godev_projeto_finalUITests.swift */ = {isa = PBXFileReference; explicitFileType = wrapper.cfbundle; includeInIndex = 0; name = godev_projeto_finalUITests.swift; path = godev_projeto_finalUITests.xctest; sourceTree = BUILT_PRODUCTS_DIR; };
		883AAF5527E8D6FA00714341 /* godev_projeto_finalUITests.swift */ = {isa = PBXFileReference; lastKnownFileType = sourcecode.swift; path = godev_projeto_finalUITests.swift; sourceTree = "<group>"; };
		883AAF5727E8D6FA00714341 /* godev_projeto_finalUITestsLaunchTests.swift */ = {isa = PBXFileReference; lastKnownFileType = sourcecode.swift; path = godev_projeto_finalUITestsLaunchTests.swift; sourceTree = "<group>"; };
		8896C0D527EB6B14001674DD /* HomeViewController.swift */ = {isa = PBXFileReference; lastKnownFileType = sourcecode.swift; path = HomeViewController.swift; sourceTree = "<group>"; };
		8896C0D727EB6CB0001674DD /* FavoriteViewController.swift */ = {isa = PBXFileReference; lastKnownFileType = sourcecode.swift; path = FavoriteViewController.swift; sourceTree = "<group>"; };
		8896C0D927EB6CD1001674DD /* TeamViewController.swift */ = {isa = PBXFileReference; lastKnownFileType = sourcecode.swift; path = TeamViewController.swift; sourceTree = "<group>"; };
		8896C0DB27EB7D4B001674DD /* CustomHomeTableView.swift */ = {isa = PBXFileReference; lastKnownFileType = sourcecode.swift; path = CustomHomeTableView.swift; sourceTree = "<group>"; };
		8896C0DE27EB8085001674DD /* CustomTableViewCell.swift */ = {isa = PBXFileReference; lastKnownFileType = sourcecode.swift; path = CustomTableViewCell.swift; sourceTree = "<group>"; };
		8896C0E027EB809E001674DD /* UIImageView+Extension.swift */ = {isa = PBXFileReference; lastKnownFileType = sourcecode.swift; path = "UIImageView+Extension.swift"; sourceTree = "<group>"; };
		8896C0E227EB80AA001674DD /* ViewCodable.swift */ = {isa = PBXFileReference; lastKnownFileType = sourcecode.swift; path = ViewCodable.swift; sourceTree = "<group>"; };
		88AB2AC827F381FA005FC9D1 /* FavoriteCustomTableViewCell.swift */ = {isa = PBXFileReference; lastKnownFileType = sourcecode.swift; path = FavoriteCustomTableViewCell.swift; sourceTree = "<group>"; };
		88AB2ACA27F38763005FC9D1 /* CustomFavoriteTableView.swift */ = {isa = PBXFileReference; lastKnownFileType = sourcecode.swift; path = CustomFavoriteTableView.swift; sourceTree = "<group>"; };
		88FE9E4A27F74C6100190358 /* DetailTeamViewController.swift */ = {isa = PBXFileReference; lastKnownFileType = sourcecode.swift; path = DetailTeamViewController.swift; sourceTree = "<group>"; };
		88FE9E4F27F75E3300190358 /* CustomIconImage.swift */ = {isa = PBXFileReference; lastKnownFileType = sourcecode.swift; path = CustomIconImage.swift; sourceTree = "<group>"; };
		9E2944BD27F8D50800194386 /* DetailItemStackView.swift */ = {isa = PBXFileReference; lastKnownFileType = sourcecode.swift; path = DetailItemStackView.swift; sourceTree = "<group>"; };
		9E2944C027F8D9B600194386 /* DetailItemStackViewDelegate.swift */ = {isa = PBXFileReference; lastKnownFileType = sourcecode.swift; path = DetailItemStackViewDelegate.swift; sourceTree = "<group>"; };
		9EA13A7127F913800006D776 /* TeamDetailView.swift */ = {isa = PBXFileReference; lastKnownFileType = sourcecode.swift; path = TeamDetailView.swift; sourceTree = "<group>"; };
		9EDD3DAB27EF8AA3003E9E3A /* ApiData.swift */ = {isa = PBXFileReference; lastKnownFileType = sourcecode.swift; path = ApiData.swift; sourceTree = "<group>"; };
		A842E5DA27EA5ACC0014E63B /* CoreData.framework */ = {isa = PBXFileReference; lastKnownFileType = wrapper.framework; name = CoreData.framework; path = System/Library/Frameworks/CoreData.framework; sourceTree = SDKROOT; };
		A848378B27F55EEC00606FF3 /* String+extensions.swift */ = {isa = PBXFileReference; lastKnownFileType = sourcecode.swift; path = "String+extensions.swift"; sourceTree = "<group>"; };
		A8FAEA1C27EE3C36003397F1 /* ManagedObjectContext.swift */ = {isa = PBXFileReference; lastKnownFileType = sourcecode.swift; path = ManagedObjectContext.swift; sourceTree = "<group>"; };
/* End PBXFileReference section */

/* Begin PBXFrameworksBuildPhase section */
		883AAF2B27E8D6FA00714341 /* Frameworks */ = {
			isa = PBXFrameworksBuildPhase;
			buildActionMask = 2147483647;
			files = (
				A842E5DB27EA5ACD0014E63B /* CoreData.framework in Frameworks */,
			);
			runOnlyForDeploymentPostprocessing = 0;
		};
		883AAF4427E8D6FA00714341 /* Frameworks */ = {
			isa = PBXFrameworksBuildPhase;
			buildActionMask = 2147483647;
			files = (
			);
			runOnlyForDeploymentPostprocessing = 0;
		};
		883AAF4E27E8D6FA00714341 /* Frameworks */ = {
			isa = PBXFrameworksBuildPhase;
			buildActionMask = 2147483647;
			files = (
			);
			runOnlyForDeploymentPostprocessing = 0;
		};
/* End PBXFrameworksBuildPhase section */

/* Begin PBXGroup section */
		2669FD8C27F0B21100E96876 /* Extensions */ = {
			isa = PBXGroup;
			children = (
				8896C0E027EB809E001674DD /* UIImageView+Extension.swift */,
				2669FD8D27F0B23900E96876 /* UIStackView+extensions.swift */,
				2669FD8F27F0B28600E96876 /* UIView+extensions.swift */,
				A848378B27F55EEC00606FF3 /* String+extensions.swift */,
			);
			path = Extensions;
			sourceTree = "<group>";
		};
		26706DAB27EE69D2003A67DD /* Commons */ = {
			isa = PBXGroup;
			children = (
				5EF55CAF27FA05E000FB9247 /* Constants.swift */,
				8896C0E227EB80AA001674DD /* ViewCodable.swift */,
				2669FD8C27F0B21100E96876 /* Extensions */,
			);
			path = Commons;
			sourceTree = "<group>";
		};
		26A8E4B827F5FEE000DC8B6E /* Application */ = {
			isa = PBXGroup;
			children = (
				883AAF3127E8D6FA00714341 /* AppDelegate.swift */,
				883AAF3327E8D6FA00714341 /* SceneDelegate.swift */,
				5EF55CB727FA0A2800FB9247 /* Environment.swift */,
			);
			path = Application;
			sourceTree = "<group>";
		};
		26A8E4BB27F5FFB600DC8B6E /* Scenes */ = {
			isa = PBXGroup;
			children = (
				9EA13A7027F9135F0006D776 /* TeamDetailView */,
				26A8E4BF27F6002A00DC8B6E /* TeamTableView */,
				26A8E4BE27F6001100DC8B6E /* FavoriteTablewView */,
				26A8E4BD27F5FFF800DC8B6E /* HomeTableView */,
				26A8E4BC27F5FFDA00DC8B6E /* DetailGitRepositoryView */,
			);
			path = Scenes;
			sourceTree = "<group>";
		};
		26A8E4BC27F5FFDA00DC8B6E /* DetailGitRepositoryView */ = {
			isa = PBXGroup;
			children = (
				26706DA927EE60F9003A67DD /* DetailGitRepositoryView.swift */,
			);
			path = DetailGitRepositoryView;
			sourceTree = "<group>";
		};
		26A8E4BD27F5FFF800DC8B6E /* HomeTableView */ = {
			isa = PBXGroup;
			children = (
				8896C0DB27EB7D4B001674DD /* CustomHomeTableView.swift */,
				8896C0DE27EB8085001674DD /* CustomTableViewCell.swift */,
			);
			path = HomeTableView;
			sourceTree = "<group>";
		};
		26A8E4BE27F6001100DC8B6E /* FavoriteTablewView */ = {
			isa = PBXGroup;
			children = (
				88AB2AC827F381FA005FC9D1 /* FavoriteCustomTableViewCell.swift */,
				88AB2ACA27F38763005FC9D1 /* CustomFavoriteTableView.swift */,
			);
			path = FavoriteTablewView;
			sourceTree = "<group>";
		};
		26A8E4BF27F6002A00DC8B6E /* TeamTableView */ = {
			isa = PBXGroup;
			children = (
				5EF55C7A27F5135500FB9247 /* CustomTeamTableView.swift */,
				5EF55C7C27F5137100FB9247 /* CustomTableViewCellTeam.swift */,
			);
			path = TeamTableView;
			sourceTree = "<group>";
		};
		26A8E4C027F6003D00DC8B6E /* Home */ = {
			isa = PBXGroup;
			children = (
				8896C0D527EB6B14001674DD /* HomeViewController.swift */,
			);
			path = Home;
			sourceTree = "<group>";
		};
		26A8E4C127F6004500DC8B6E /* Favorite */ = {
			isa = PBXGroup;
			children = (
				8896C0D727EB6CB0001674DD /* FavoriteViewController.swift */,
			);
			path = Favorite;
			sourceTree = "<group>";
		};
		26A8E4C227F6005200DC8B6E /* Team */ = {
			isa = PBXGroup;
			children = (
				8896C0D927EB6CD1001674DD /* TeamViewController.swift */,
				88FE9E4A27F74C6100190358 /* DetailTeamViewController.swift */,
			);
			path = Team;
			sourceTree = "<group>";
		};
		26A8E4C427F6009200DC8B6E /* GitRepositoryDetail */ = {
			isa = PBXGroup;
			children = (
				26706DA627EE6055003A67DD /* DetailGitRepositoryViewController.swift */,
			);
			path = GitRepositoryDetail;
			sourceTree = "<group>";
		};
		26A8E4C527F6013C00DC8B6E /* Requests */ = {
			isa = PBXGroup;
			children = (
				A8FAEA1C27EE3C36003397F1 /* ManagedObjectContext.swift */,
				882CC20A27EA06EE009FA401 /* githubApiService.swift */,
				5EF55CB127FA06E500FB9247 /* URLRequestProtocol.swift */,
				5EF55CB327FA07F400FB9247 /* HTTPMethod.swift */,
				5EF55CB527FA08EC00FB9247 /* HomeRequest.swift */,
			);
			path = Requests;
			sourceTree = "<group>";
		};
		882CC20927EA06B9009FA401 /* Service */ = {
			isa = PBXGroup;
			children = (
				26A8E4C527F6013C00DC8B6E /* Requests */,
			);
			path = Service;
			sourceTree = "<group>";
		};
		882CC20C27EA129A009FA401 /* Models */ = {
			isa = PBXGroup;
			children = (
				882CC20D27EA12A7009FA401 /* Repo.swift */,
				5EF55C7E27F513B100FB9247 /* Team.swift */,
				9EDD3DAB27EF8AA3003E9E3A /* ApiData.swift */,
			);
			path = Models;
			sourceTree = "<group>";
		};
		883AAF2527E8D6F900714341 = {
			isa = PBXGroup;
			children = (
				883AAF3027E8D6FA00714341 /* godev_projeto_final */,
				883AAF4A27E8D6FA00714341 /* godev_projeto_finalTests */,
				883AAF5427E8D6FA00714341 /* godev_projeto_finalUITests */,
				883AAF2F27E8D6FA00714341 /* Products */,
				A842E5D927EA5ACC0014E63B /* Frameworks */,
			);
			sourceTree = "<group>";
		};
		883AAF2F27E8D6FA00714341 /* Products */ = {
			isa = PBXGroup;
			children = (
				883AAF2E27E8D6FA00714341 /* godev_projeto_final.app */,
				883AAF4727E8D6FA00714341 /* godev_projeto_finalTests.swift */,
				883AAF5127E8D6FA00714341 /* godev_projeto_finalUITests.swift */,
			);
			name = Products;
			sourceTree = "<group>";
		};
		883AAF3027E8D6FA00714341 /* godev_projeto_final */ = {
			isa = PBXGroup;
			children = (
				26A8E4BB27F5FFB600DC8B6E /* Scenes */,
				26A8E4B827F5FEE000DC8B6E /* Application */,
				26706DAB27EE69D2003A67DD /* Commons */,
				8896C0DD27EB806E001674DD /* Components */,
				882CC20C27EA129A009FA401 /* Models */,
				883AAF6527E8D86700714341 /* Controllers */,
				883AAF6627E8D89700714341 /* Resources */,
				882CC20927EA06B9009FA401 /* Service */,
				883AAF6727E8D8A500714341 /* CoreData */,
			);
			path = godev_projeto_final;
			sourceTree = "<group>";
		};
		883AAF4A27E8D6FA00714341 /* godev_projeto_finalTests */ = {
			isa = PBXGroup;
			children = (
				883AAF4B27E8D6FA00714341 /* godev_projeto_finalTests.swift */,
			);
			path = godev_projeto_finalTests;
			sourceTree = "<group>";
		};
		883AAF5427E8D6FA00714341 /* godev_projeto_finalUITests */ = {
			isa = PBXGroup;
			children = (
				883AAF5527E8D6FA00714341 /* godev_projeto_finalUITests.swift */,
				883AAF5727E8D6FA00714341 /* godev_projeto_finalUITestsLaunchTests.swift */,
			);
			path = godev_projeto_finalUITests;
			sourceTree = "<group>";
		};
		883AAF6527E8D86700714341 /* Controllers */ = {
			isa = PBXGroup;
			children = (
				26A8E4C427F6009200DC8B6E /* GitRepositoryDetail */,
				26A8E4C227F6005200DC8B6E /* Team */,
				26A8E4C127F6004500DC8B6E /* Favorite */,
				26A8E4C027F6003D00DC8B6E /* Home */,
				883AAF3527E8D6FA00714341 /* TabBarController.swift */,
			);
			path = Controllers;
			sourceTree = "<group>";
		};
		883AAF6627E8D89700714341 /* Resources */ = {
			isa = PBXGroup;
			children = (
				883AAF3D27E8D6FA00714341 /* Assets.xcassets */,
				883AAF3F27E8D6FA00714341 /* LaunchScreen.storyboard */,
				883AAF4227E8D6FA00714341 /* Info.plist */,
			);
			path = Resources;
			sourceTree = "<group>";
		};
		883AAF6727E8D8A500714341 /* CoreData */ = {
			isa = PBXGroup;
			children = (
				883AAF3A27E8D6FA00714341 /* godev_projeto_final.xcdatamodeld */,
			);
			path = CoreData;
			sourceTree = "<group>";
		};
		8896C0DD27EB806E001674DD /* Components */ = {
			isa = PBXGroup;
			children = (
				9E2944BF27F8D99C00194386 /* DetailItemStackView */,
				2669FD8A27F0B0E700E96876 /* CustomLabel.swift */,
				26706DAC27EE69EA003A67DD /* CustomHorizontalStackView.swift */,
				88FE9E4F27F75E3300190358 /* CustomIconImage.swift */,
			);
			path = Components;
			sourceTree = "<group>";
		};
		9E2944BF27F8D99C00194386 /* DetailItemStackView */ = {
			isa = PBXGroup;
			children = (
				9E2944C027F8D9B600194386 /* DetailItemStackViewDelegate.swift */,
				9E2944BD27F8D50800194386 /* DetailItemStackView.swift */,
			);
			path = DetailItemStackView;
			sourceTree = "<group>";
		};
		9EA13A7027F9135F0006D776 /* TeamDetailView */ = {
			isa = PBXGroup;
			children = (
				9EA13A7127F913800006D776 /* TeamDetailView.swift */,
			);
			path = TeamDetailView;
			sourceTree = "<group>";
		};
		A842E5D927EA5ACC0014E63B /* Frameworks */ = {
			isa = PBXGroup;
			children = (
				A842E5DA27EA5ACC0014E63B /* CoreData.framework */,
			);
			name = Frameworks;
			sourceTree = "<group>";
		};
/* End PBXGroup section */

/* Begin PBXNativeTarget section */
		883AAF2D27E8D6FA00714341 /* godev_projeto_final */ = {
			isa = PBXNativeTarget;
			buildConfigurationList = 883AAF5B27E8D6FA00714341 /* Build configuration list for PBXNativeTarget "godev_projeto_final" */;
			buildPhases = (
				883AAF2A27E8D6FA00714341 /* Sources */,
				883AAF2B27E8D6FA00714341 /* Frameworks */,
				883AAF2C27E8D6FA00714341 /* Resources */,
			);
			buildRules = (
			);
			dependencies = (
			);
			name = godev_projeto_final;
			productName = godev_projeto_final;
			productReference = 883AAF2E27E8D6FA00714341 /* godev_projeto_final.app */;
			productType = "com.apple.product-type.application";
		};
		883AAF4627E8D6FA00714341 /* godev_projeto_finalTests */ = {
			isa = PBXNativeTarget;
			buildConfigurationList = 883AAF5E27E8D6FA00714341 /* Build configuration list for PBXNativeTarget "godev_projeto_finalTests" */;
			buildPhases = (
				883AAF4327E8D6FA00714341 /* Sources */,
				883AAF4427E8D6FA00714341 /* Frameworks */,
				883AAF4527E8D6FA00714341 /* Resources */,
			);
			buildRules = (
			);
			dependencies = (
				883AAF4927E8D6FA00714341 /* PBXTargetDependency */,
			);
			name = godev_projeto_finalTests;
			productName = godev_projeto_finalTests;
			productReference = 883AAF4727E8D6FA00714341 /* godev_projeto_finalTests.swift */;
			productType = "com.apple.product-type.bundle.unit-test";
		};
		883AAF5027E8D6FA00714341 /* godev_projeto_finalUITests */ = {
			isa = PBXNativeTarget;
			buildConfigurationList = 883AAF6127E8D6FA00714341 /* Build configuration list for PBXNativeTarget "godev_projeto_finalUITests" */;
			buildPhases = (
				883AAF4D27E8D6FA00714341 /* Sources */,
				883AAF4E27E8D6FA00714341 /* Frameworks */,
				883AAF4F27E8D6FA00714341 /* Resources */,
			);
			buildRules = (
			);
			dependencies = (
				883AAF5327E8D6FA00714341 /* PBXTargetDependency */,
			);
			name = godev_projeto_finalUITests;
			productName = godev_projeto_finalUITests;
			productReference = 883AAF5127E8D6FA00714341 /* godev_projeto_finalUITests.swift */;
			productType = "com.apple.product-type.bundle.ui-testing";
		};
/* End PBXNativeTarget section */

/* Begin PBXProject section */
		883AAF2627E8D6F900714341 /* Project object */ = {
			isa = PBXProject;
			attributes = {
				BuildIndependentTargetsInParallel = 1;
				LastSwiftUpdateCheck = 1320;
				LastUpgradeCheck = 1320;
				TargetAttributes = {
					883AAF2D27E8D6FA00714341 = {
						CreatedOnToolsVersion = 13.2.1;
					};
					883AAF4627E8D6FA00714341 = {
						CreatedOnToolsVersion = 13.2.1;
						TestTargetID = 883AAF2D27E8D6FA00714341;
					};
					883AAF5027E8D6FA00714341 = {
						CreatedOnToolsVersion = 13.2.1;
						TestTargetID = 883AAF2D27E8D6FA00714341;
					};
				};
			};
			buildConfigurationList = 883AAF2927E8D6F900714341 /* Build configuration list for PBXProject "godev_projeto_final" */;
			compatibilityVersion = "Xcode 13.0";
			developmentRegion = en;
			hasScannedForEncodings = 0;
			knownRegions = (
				en,
				Base,
			);
			mainGroup = 883AAF2527E8D6F900714341;
			productRefGroup = 883AAF2F27E8D6FA00714341 /* Products */;
			projectDirPath = "";
			projectRoot = "";
			targets = (
				883AAF2D27E8D6FA00714341 /* godev_projeto_final */,
				883AAF4627E8D6FA00714341 /* godev_projeto_finalTests */,
				883AAF5027E8D6FA00714341 /* godev_projeto_finalUITests */,
			);
		};
/* End PBXProject section */

/* Begin PBXResourcesBuildPhase section */
		883AAF2C27E8D6FA00714341 /* Resources */ = {
			isa = PBXResourcesBuildPhase;
			buildActionMask = 2147483647;
			files = (
				883AAF4127E8D6FA00714341 /* LaunchScreen.storyboard in Resources */,
				883AAF3E27E8D6FA00714341 /* Assets.xcassets in Resources */,
			);
			runOnlyForDeploymentPostprocessing = 0;
		};
		883AAF4527E8D6FA00714341 /* Resources */ = {
			isa = PBXResourcesBuildPhase;
			buildActionMask = 2147483647;
			files = (
			);
			runOnlyForDeploymentPostprocessing = 0;
		};
		883AAF4F27E8D6FA00714341 /* Resources */ = {
			isa = PBXResourcesBuildPhase;
			buildActionMask = 2147483647;
			files = (
			);
			runOnlyForDeploymentPostprocessing = 0;
		};
/* End PBXResourcesBuildPhase section */

/* Begin PBXSourcesBuildPhase section */
		883AAF2A27E8D6FA00714341 /* Sources */ = {
			isa = PBXSourcesBuildPhase;
			buildActionMask = 2147483647;
			files = (
				26706DAD27EE69EA003A67DD /* CustomHorizontalStackView.swift in Sources */,
				5EF55C7B27F5135500FB9247 /* CustomTeamTableView.swift in Sources */,
				88AB2AC927F381FA005FC9D1 /* FavoriteCustomTableViewCell.swift in Sources */,
				A848378C27F55EEC00606FF3 /* String+extensions.swift in Sources */,
				9EA13A7227F913800006D776 /* TeamDetailView.swift in Sources */,
				88FE9E4B27F74C6100190358 /* DetailTeamViewController.swift in Sources */,
				5EF55CB627FA08EC00FB9247 /* HomeRequest.swift in Sources */,
				8896C0DC27EB7D4B001674DD /* CustomHomeTableView.swift in Sources */,
				883AAF3C27E8D6FA00714341 /* godev_projeto_final.xcdatamodeld in Sources */,
				26706DA727EE6055003A67DD /* DetailGitRepositoryViewController.swift in Sources */,
				88AB2ACB27F38763005FC9D1 /* CustomFavoriteTableView.swift in Sources */,
				8896C0DF27EB8085001674DD /* CustomTableViewCell.swift in Sources */,
				2669FD8B27F0B0E700E96876 /* CustomLabel.swift in Sources */,
				26706DAA27EE60F9003A67DD /* DetailGitRepositoryView.swift in Sources */,
				9E2944BE27F8D50800194386 /* DetailItemStackView.swift in Sources */,
				882CC20E27EA12A7009FA401 /* Repo.swift in Sources */,
				A8FAEA1D27EE3C36003397F1 /* ManagedObjectContext.swift in Sources */,
				883AAF3627E8D6FA00714341 /* TabBarController.swift in Sources */,
				2669FD8E27F0B23900E96876 /* UIStackView+extensions.swift in Sources */,
				8896C0E327EB80AA001674DD /* ViewCodable.swift in Sources */,
				5EF55C7F27F513B100FB9247 /* Team.swift in Sources */,
				9EDD3DAC27EF8AA3003E9E3A /* ApiData.swift in Sources */,
				5EF55CB227FA06E500FB9247 /* URLRequestProtocol.swift in Sources */,
				883AAF3227E8D6FA00714341 /* AppDelegate.swift in Sources */,
				5EF55CB427FA07F400FB9247 /* HTTPMethod.swift in Sources */,
				88FE9E5027F75E3300190358 /* CustomIconImage.swift in Sources */,
				5EF55CB027FA05E000FB9247 /* Constants.swift in Sources */,
				8896C0E127EB809E001674DD /* UIImageView+Extension.swift in Sources */,
				2669FD9027F0B28600E96876 /* UIView+extensions.swift in Sources */,
				5EF55CB827FA0A2800FB9247 /* Environment.swift in Sources */,
				882CC20B27EA06EE009FA401 /* githubApiService.swift in Sources */,
				9E2944C127F8D9B600194386 /* DetailItemStackViewDelegate.swift in Sources */,
				8896C0D627EB6B14001674DD /* HomeViewController.swift in Sources */,
				8896C0D827EB6CB0001674DD /* FavoriteViewController.swift in Sources */,
				8896C0DA27EB6CD1001674DD /* TeamViewController.swift in Sources */,
				883AAF3427E8D6FA00714341 /* SceneDelegate.swift in Sources */,
				5EF55C7D27F5137100FB9247 /* CustomTableViewCellTeam.swift in Sources */,
			);
			runOnlyForDeploymentPostprocessing = 0;
		};
		883AAF4327E8D6FA00714341 /* Sources */ = {
			isa = PBXSourcesBuildPhase;
			buildActionMask = 2147483647;
			files = (
				883AAF4C27E8D6FA00714341 /* godev_projeto_finalTests.swift in Sources */,
			);
			runOnlyForDeploymentPostprocessing = 0;
		};
		883AAF4D27E8D6FA00714341 /* Sources */ = {
			isa = PBXSourcesBuildPhase;
			buildActionMask = 2147483647;
			files = (
				883AAF5627E8D6FA00714341 /* godev_projeto_finalUITests.swift in Sources */,
				883AAF5827E8D6FA00714341 /* godev_projeto_finalUITestsLaunchTests.swift in Sources */,
			);
			runOnlyForDeploymentPostprocessing = 0;
		};
/* End PBXSourcesBuildPhase section */

/* Begin PBXTargetDependency section */
		883AAF4927E8D6FA00714341 /* PBXTargetDependency */ = {
			isa = PBXTargetDependency;
			target = 883AAF2D27E8D6FA00714341 /* godev_projeto_final */;
			targetProxy = 883AAF4827E8D6FA00714341 /* PBXContainerItemProxy */;
		};
		883AAF5327E8D6FA00714341 /* PBXTargetDependency */ = {
			isa = PBXTargetDependency;
			target = 883AAF2D27E8D6FA00714341 /* godev_projeto_final */;
			targetProxy = 883AAF5227E8D6FA00714341 /* PBXContainerItemProxy */;
		};
/* End PBXTargetDependency section */

/* Begin PBXVariantGroup section */
		883AAF3F27E8D6FA00714341 /* LaunchScreen.storyboard */ = {
			isa = PBXVariantGroup;
			children = (
				883AAF4027E8D6FA00714341 /* Base */,
			);
			name = LaunchScreen.storyboard;
			sourceTree = "<group>";
		};
/* End PBXVariantGroup section */

/* Begin XCBuildConfiguration section */
		883AAF5927E8D6FA00714341 /* Debug */ = {
			isa = XCBuildConfiguration;
			buildSettings = {
				ALWAYS_SEARCH_USER_PATHS = NO;
				CLANG_ANALYZER_NONNULL = YES;
				CLANG_ANALYZER_NUMBER_OBJECT_CONVERSION = YES_AGGRESSIVE;
				CLANG_CXX_LANGUAGE_STANDARD = "gnu++17";
				CLANG_CXX_LIBRARY = "libc++";
				CLANG_ENABLE_MODULES = YES;
				CLANG_ENABLE_OBJC_ARC = YES;
				CLANG_ENABLE_OBJC_WEAK = YES;
				CLANG_WARN_BLOCK_CAPTURE_AUTORELEASING = YES;
				CLANG_WARN_BOOL_CONVERSION = YES;
				CLANG_WARN_COMMA = YES;
				CLANG_WARN_CONSTANT_CONVERSION = YES;
				CLANG_WARN_DEPRECATED_OBJC_IMPLEMENTATIONS = YES;
				CLANG_WARN_DIRECT_OBJC_ISA_USAGE = YES_ERROR;
				CLANG_WARN_DOCUMENTATION_COMMENTS = YES;
				CLANG_WARN_EMPTY_BODY = YES;
				CLANG_WARN_ENUM_CONVERSION = YES;
				CLANG_WARN_INFINITE_RECURSION = YES;
				CLANG_WARN_INT_CONVERSION = YES;
				CLANG_WARN_NON_LITERAL_NULL_CONVERSION = YES;
				CLANG_WARN_OBJC_IMPLICIT_RETAIN_SELF = YES;
				CLANG_WARN_OBJC_LITERAL_CONVERSION = YES;
				CLANG_WARN_OBJC_ROOT_CLASS = YES_ERROR;
				CLANG_WARN_QUOTED_INCLUDE_IN_FRAMEWORK_HEADER = YES;
				CLANG_WARN_RANGE_LOOP_ANALYSIS = YES;
				CLANG_WARN_STRICT_PROTOTYPES = YES;
				CLANG_WARN_SUSPICIOUS_MOVE = YES;
				CLANG_WARN_UNGUARDED_AVAILABILITY = YES_AGGRESSIVE;
				CLANG_WARN_UNREACHABLE_CODE = YES;
				CLANG_WARN__DUPLICATE_METHOD_MATCH = YES;
				COPY_PHASE_STRIP = NO;
				DEBUG_INFORMATION_FORMAT = dwarf;
				ENABLE_STRICT_OBJC_MSGSEND = YES;
				ENABLE_TESTABILITY = YES;
				GCC_C_LANGUAGE_STANDARD = gnu11;
				GCC_DYNAMIC_NO_PIC = NO;
				GCC_NO_COMMON_BLOCKS = YES;
				GCC_OPTIMIZATION_LEVEL = 0;
				GCC_PREPROCESSOR_DEFINITIONS = (
					"DEBUG=1",
					"$(inherited)",
				);
				GCC_WARN_64_TO_32_BIT_CONVERSION = YES;
				GCC_WARN_ABOUT_RETURN_TYPE = YES_ERROR;
				GCC_WARN_UNDECLARED_SELECTOR = YES;
				GCC_WARN_UNINITIALIZED_AUTOS = YES_AGGRESSIVE;
				GCC_WARN_UNUSED_FUNCTION = YES;
				GCC_WARN_UNUSED_VARIABLE = YES;
				IPHONEOS_DEPLOYMENT_TARGET = 15.2;
				MTL_ENABLE_DEBUG_INFO = INCLUDE_SOURCE;
				MTL_FAST_MATH = YES;
				ONLY_ACTIVE_ARCH = YES;
				SDKROOT = iphoneos;
				SWIFT_ACTIVE_COMPILATION_CONDITIONS = DEBUG;
				SWIFT_OPTIMIZATION_LEVEL = "-Onone";
			};
			name = Debug;
		};
		883AAF5A27E8D6FA00714341 /* Release */ = {
			isa = XCBuildConfiguration;
			buildSettings = {
				ALWAYS_SEARCH_USER_PATHS = NO;
				CLANG_ANALYZER_NONNULL = YES;
				CLANG_ANALYZER_NUMBER_OBJECT_CONVERSION = YES_AGGRESSIVE;
				CLANG_CXX_LANGUAGE_STANDARD = "gnu++17";
				CLANG_CXX_LIBRARY = "libc++";
				CLANG_ENABLE_MODULES = YES;
				CLANG_ENABLE_OBJC_ARC = YES;
				CLANG_ENABLE_OBJC_WEAK = YES;
				CLANG_WARN_BLOCK_CAPTURE_AUTORELEASING = YES;
				CLANG_WARN_BOOL_CONVERSION = YES;
				CLANG_WARN_COMMA = YES;
				CLANG_WARN_CONSTANT_CONVERSION = YES;
				CLANG_WARN_DEPRECATED_OBJC_IMPLEMENTATIONS = YES;
				CLANG_WARN_DIRECT_OBJC_ISA_USAGE = YES_ERROR;
				CLANG_WARN_DOCUMENTATION_COMMENTS = YES;
				CLANG_WARN_EMPTY_BODY = YES;
				CLANG_WARN_ENUM_CONVERSION = YES;
				CLANG_WARN_INFINITE_RECURSION = YES;
				CLANG_WARN_INT_CONVERSION = YES;
				CLANG_WARN_NON_LITERAL_NULL_CONVERSION = YES;
				CLANG_WARN_OBJC_IMPLICIT_RETAIN_SELF = YES;
				CLANG_WARN_OBJC_LITERAL_CONVERSION = YES;
				CLANG_WARN_OBJC_ROOT_CLASS = YES_ERROR;
				CLANG_WARN_QUOTED_INCLUDE_IN_FRAMEWORK_HEADER = YES;
				CLANG_WARN_RANGE_LOOP_ANALYSIS = YES;
				CLANG_WARN_STRICT_PROTOTYPES = YES;
				CLANG_WARN_SUSPICIOUS_MOVE = YES;
				CLANG_WARN_UNGUARDED_AVAILABILITY = YES_AGGRESSIVE;
				CLANG_WARN_UNREACHABLE_CODE = YES;
				CLANG_WARN__DUPLICATE_METHOD_MATCH = YES;
				COPY_PHASE_STRIP = NO;
				DEBUG_INFORMATION_FORMAT = "dwarf-with-dsym";
				ENABLE_NS_ASSERTIONS = NO;
				ENABLE_STRICT_OBJC_MSGSEND = YES;
				GCC_C_LANGUAGE_STANDARD = gnu11;
				GCC_NO_COMMON_BLOCKS = YES;
				GCC_WARN_64_TO_32_BIT_CONVERSION = YES;
				GCC_WARN_ABOUT_RETURN_TYPE = YES_ERROR;
				GCC_WARN_UNDECLARED_SELECTOR = YES;
				GCC_WARN_UNINITIALIZED_AUTOS = YES_AGGRESSIVE;
				GCC_WARN_UNUSED_FUNCTION = YES;
				GCC_WARN_UNUSED_VARIABLE = YES;
				IPHONEOS_DEPLOYMENT_TARGET = 15.2;
				MTL_ENABLE_DEBUG_INFO = NO;
				MTL_FAST_MATH = YES;
				SDKROOT = iphoneos;
				SWIFT_COMPILATION_MODE = wholemodule;
				SWIFT_OPTIMIZATION_LEVEL = "-O";
				VALIDATE_PRODUCT = YES;
			};
			name = Release;
		};
		883AAF5C27E8D6FA00714341 /* Debug */ = {
			isa = XCBuildConfiguration;
			buildSettings = {
				ASSETCATALOG_COMPILER_APPICON_NAME = AppIcon;
				ASSETCATALOG_COMPILER_GLOBAL_ACCENT_COLOR_NAME = AccentColor;
				CODE_SIGN_STYLE = Automatic;
				CURRENT_PROJECT_VERSION = 1;
				DEVELOPMENT_TEAM = N9DGLJU24L;
				GENERATE_INFOPLIST_FILE = YES;
				INFOPLIST_FILE = godev_projeto_final/Resources/Info.plist;
				INFOPLIST_KEY_UIApplicationSupportsIndirectInputEvents = YES;
				INFOPLIST_KEY_UILaunchStoryboardName = LaunchScreen;
				INFOPLIST_KEY_UISupportedInterfaceOrientations_iPad = "UIInterfaceOrientationPortrait UIInterfaceOrientationPortraitUpsideDown UIInterfaceOrientationLandscapeLeft UIInterfaceOrientationLandscapeRight";
				INFOPLIST_KEY_UISupportedInterfaceOrientations_iPhone = "UIInterfaceOrientationPortrait UIInterfaceOrientationLandscapeLeft UIInterfaceOrientationLandscapeRight";
				IPHONEOS_DEPLOYMENT_TARGET = 13.0;
				LD_RUNPATH_SEARCH_PATHS = (
					"$(inherited)",
					"@executable_path/Frameworks",
				);
				MARKETING_VERSION = 1.0;
				PRODUCT_BUNDLE_IDENTIFIER = "dev.rogeriotavares.godev-projeto-final";
				PRODUCT_NAME = "$(TARGET_NAME)";
				SWIFT_EMIT_LOC_STRINGS = YES;
				SWIFT_VERSION = 5.0;
				TARGETED_DEVICE_FAMILY = 1;
			};
			name = Debug;
		};
		883AAF5D27E8D6FA00714341 /* Release */ = {
			isa = XCBuildConfiguration;
			buildSettings = {
				ASSETCATALOG_COMPILER_APPICON_NAME = AppIcon;
				ASSETCATALOG_COMPILER_GLOBAL_ACCENT_COLOR_NAME = AccentColor;
				CODE_SIGN_STYLE = Automatic;
				CURRENT_PROJECT_VERSION = 1;
				DEVELOPMENT_TEAM = N9DGLJU24L;
				GENERATE_INFOPLIST_FILE = YES;
				INFOPLIST_FILE = godev_projeto_final/Resources/Info.plist;
				INFOPLIST_KEY_UIApplicationSupportsIndirectInputEvents = YES;
				INFOPLIST_KEY_UILaunchStoryboardName = LaunchScreen;
				INFOPLIST_KEY_UISupportedInterfaceOrientations_iPad = "UIInterfaceOrientationPortrait UIInterfaceOrientationPortraitUpsideDown UIInterfaceOrientationLandscapeLeft UIInterfaceOrientationLandscapeRight";
				INFOPLIST_KEY_UISupportedInterfaceOrientations_iPhone = "UIInterfaceOrientationPortrait UIInterfaceOrientationLandscapeLeft UIInterfaceOrientationLandscapeRight";
				IPHONEOS_DEPLOYMENT_TARGET = 13.0;
				LD_RUNPATH_SEARCH_PATHS = (
					"$(inherited)",
					"@executable_path/Frameworks",
				);
				MARKETING_VERSION = 1.0;
				PRODUCT_BUNDLE_IDENTIFIER = "dev.rogeriotavares.godev-projeto-final";
				PRODUCT_NAME = "$(TARGET_NAME)";
				SWIFT_EMIT_LOC_STRINGS = YES;
				SWIFT_VERSION = 5.0;
				TARGETED_DEVICE_FAMILY = 1;
			};
			name = Release;
		};
		883AAF5F27E8D6FA00714341 /* Debug */ = {
			isa = XCBuildConfiguration;
			buildSettings = {
				ALWAYS_EMBED_SWIFT_STANDARD_LIBRARIES = YES;
				BUNDLE_LOADER = "$(TEST_HOST)";
				CODE_SIGN_STYLE = Automatic;
				CURRENT_PROJECT_VERSION = 1;
				DEVELOPMENT_TEAM = RP8CYUW3M3;
				GENERATE_INFOPLIST_FILE = YES;
				IPHONEOS_DEPLOYMENT_TARGET = 15.2;
				MARKETING_VERSION = 1.0;
				PRODUCT_BUNDLE_IDENTIFIER = "com.godev.joaovictor.godev-projeto-finalTests";
				PRODUCT_NAME = "$(TARGET_NAME)";
				SWIFT_EMIT_LOC_STRINGS = NO;
				SWIFT_VERSION = 5.0;
				TARGETED_DEVICE_FAMILY = "1,2";
				TEST_HOST = "$(BUILT_PRODUCTS_DIR)/godev_projeto_final.app/godev_projeto_final";
			};
			name = Debug;
		};
		883AAF6027E8D6FA00714341 /* Release */ = {
			isa = XCBuildConfiguration;
			buildSettings = {
				ALWAYS_EMBED_SWIFT_STANDARD_LIBRARIES = YES;
				BUNDLE_LOADER = "$(TEST_HOST)";
				CODE_SIGN_STYLE = Automatic;
				CURRENT_PROJECT_VERSION = 1;
				DEVELOPMENT_TEAM = RP8CYUW3M3;
				GENERATE_INFOPLIST_FILE = YES;
				IPHONEOS_DEPLOYMENT_TARGET = 15.2;
				MARKETING_VERSION = 1.0;
				PRODUCT_BUNDLE_IDENTIFIER = "com.godev.joaovictor.godev-projeto-finalTests";
				PRODUCT_NAME = "$(TARGET_NAME)";
				SWIFT_EMIT_LOC_STRINGS = NO;
				SWIFT_VERSION = 5.0;
				TARGETED_DEVICE_FAMILY = "1,2";
				TEST_HOST = "$(BUILT_PRODUCTS_DIR)/godev_projeto_final.app/godev_projeto_final";
			};
			name = Release;
		};
		883AAF6227E8D6FA00714341 /* Debug */ = {
			isa = XCBuildConfiguration;
			buildSettings = {
				ALWAYS_EMBED_SWIFT_STANDARD_LIBRARIES = YES;
				CODE_SIGN_STYLE = Automatic;
				CURRENT_PROJECT_VERSION = 1;
				DEVELOPMENT_TEAM = RP8CYUW3M3;
				GENERATE_INFOPLIST_FILE = YES;
				MARKETING_VERSION = 1.0;
				PRODUCT_BUNDLE_IDENTIFIER = "com.godev.joaovictor.godev-projeto-finalUITests";
				PRODUCT_NAME = "$(TARGET_NAME)";
				SWIFT_EMIT_LOC_STRINGS = NO;
				SWIFT_VERSION = 5.0;
				TARGETED_DEVICE_FAMILY = "1,2";
				TEST_TARGET_NAME = godev_projeto_final;
			};
			name = Debug;
		};
		883AAF6327E8D6FA00714341 /* Release */ = {
			isa = XCBuildConfiguration;
			buildSettings = {
				ALWAYS_EMBED_SWIFT_STANDARD_LIBRARIES = YES;
				CODE_SIGN_STYLE = Automatic;
				CURRENT_PROJECT_VERSION = 1;
				DEVELOPMENT_TEAM = RP8CYUW3M3;
				GENERATE_INFOPLIST_FILE = YES;
				MARKETING_VERSION = 1.0;
				PRODUCT_BUNDLE_IDENTIFIER = "com.godev.joaovictor.godev-projeto-finalUITests";
				PRODUCT_NAME = "$(TARGET_NAME)";
				SWIFT_EMIT_LOC_STRINGS = NO;
				SWIFT_VERSION = 5.0;
				TARGETED_DEVICE_FAMILY = "1,2";
				TEST_TARGET_NAME = godev_projeto_final;
			};
			name = Release;
		};
/* End XCBuildConfiguration section */

/* Begin XCConfigurationList section */
		883AAF2927E8D6F900714341 /* Build configuration list for PBXProject "godev_projeto_final" */ = {
			isa = XCConfigurationList;
			buildConfigurations = (
				883AAF5927E8D6FA00714341 /* Debug */,
				883AAF5A27E8D6FA00714341 /* Release */,
			);
			defaultConfigurationIsVisible = 0;
			defaultConfigurationName = Release;
		};
		883AAF5B27E8D6FA00714341 /* Build configuration list for PBXNativeTarget "godev_projeto_final" */ = {
			isa = XCConfigurationList;
			buildConfigurations = (
				883AAF5C27E8D6FA00714341 /* Debug */,
				883AAF5D27E8D6FA00714341 /* Release */,
			);
			defaultConfigurationIsVisible = 0;
			defaultConfigurationName = Release;
		};
		883AAF5E27E8D6FA00714341 /* Build configuration list for PBXNativeTarget "godev_projeto_finalTests" */ = {
			isa = XCConfigurationList;
			buildConfigurations = (
				883AAF5F27E8D6FA00714341 /* Debug */,
				883AAF6027E8D6FA00714341 /* Release */,
			);
			defaultConfigurationIsVisible = 0;
			defaultConfigurationName = Release;
		};
		883AAF6127E8D6FA00714341 /* Build configuration list for PBXNativeTarget "godev_projeto_finalUITests" */ = {
			isa = XCConfigurationList;
			buildConfigurations = (
				883AAF6227E8D6FA00714341 /* Debug */,
				883AAF6327E8D6FA00714341 /* Release */,
			);
			defaultConfigurationIsVisible = 0;
			defaultConfigurationName = Release;
		};
/* End XCConfigurationList section */

/* Begin XCVersionGroup section */
		883AAF3A27E8D6FA00714341 /* godev_projeto_final.xcdatamodeld */ = {
			isa = XCVersionGroup;
			children = (
				883AAF3B27E8D6FA00714341 /* godev_projeto_final.xcdatamodel */,
			);
			currentVersion = 883AAF3B27E8D6FA00714341 /* godev_projeto_final.xcdatamodel */;
			path = godev_projeto_final.xcdatamodeld;
			sourceTree = "<group>";
			versionGroupType = wrapper.xcdatamodel;
		};
/* End XCVersionGroup section */
	};
	rootObject = 883AAF2627E8D6F900714341 /* Project object */;
}
